// !$*UTF8*$!
{
	archiveVersion = 1;
	classes = {
	};
	objectVersion = 50;
	objects = {

/* Begin PBXBuildFile section */
		4234E86BEE20C4E5B93DB4D8 /* Pods_ARPittITHelperUITests.framework in Frameworks */ = {isa = PBXBuildFile; fileRef = 1B33D588C92C196806D53D21 /* Pods_ARPittITHelperUITests.framework */; };
		44D06C1C658000D034B5DDFD /* Pods_ARPittITHelperTests.framework in Frameworks */ = {isa = PBXBuildFile; fileRef = 698360ECFF3C9A74B939A548 /* Pods_ARPittITHelperTests.framework */; };
		8F823F51227C052B00800179 /* AppDelegate.swift in Sources */ = {isa = PBXBuildFile; fileRef = 8F823F50227C052B00800179 /* AppDelegate.swift */; };
		8F823F53227C052B00800179 /* ViewController.swift in Sources */ = {isa = PBXBuildFile; fileRef = 8F823F52227C052B00800179 /* ViewController.swift */; };
		8F823F56227C052B00800179 /* Main.storyboard in Resources */ = {isa = PBXBuildFile; fileRef = 8F823F54227C052B00800179 /* Main.storyboard */; };
		8F823F58227C052D00800179 /* Assets.xcassets in Resources */ = {isa = PBXBuildFile; fileRef = 8F823F57227C052D00800179 /* Assets.xcassets */; };
		8F823F5B227C052D00800179 /* LaunchScreen.storyboard in Resources */ = {isa = PBXBuildFile; fileRef = 8F823F59227C052D00800179 /* LaunchScreen.storyboard */; };
		8F823F66227C052D00800179 /* ARPittITHelperTests.swift in Sources */ = {isa = PBXBuildFile; fileRef = 8F823F65227C052D00800179 /* ARPittITHelperTests.swift */; };
		8F823F71227C052D00800179 /* ARPittITHelperUITests.swift in Sources */ = {isa = PBXBuildFile; fileRef = 8F823F70227C052D00800179 /* ARPittITHelperUITests.swift */; };
		8FF98D7F2287771C0064D8B6 /* OpenCVWrapper.mm in Sources */ = {isa = PBXBuildFile; fileRef = 8FF98D7E2287771C0064D8B6 /* OpenCVWrapper.mm */; };
		967B0038BF59A3DDE2828585 /* Pods_ARPittITHelper.framework in Frameworks */ = {isa = PBXBuildFile; fileRef = DB0AFA3298B5974611E3906E /* Pods_ARPittITHelper.framework */; };
/* End PBXBuildFile section */

/* Begin PBXContainerItemProxy section */
		8F823F62227C052D00800179 /* PBXContainerItemProxy */ = {
			isa = PBXContainerItemProxy;
			containerPortal = 8F823F45227C052B00800179 /* Project object */;
			proxyType = 1;
			remoteGlobalIDString = 8F823F4C227C052B00800179;
			remoteInfo = ARPittITHelper;
		};
		8F823F6D227C052D00800179 /* PBXContainerItemProxy */ = {
			isa = PBXContainerItemProxy;
			containerPortal = 8F823F45227C052B00800179 /* Project object */;
			proxyType = 1;
			remoteGlobalIDString = 8F823F4C227C052B00800179;
			remoteInfo = ARPittITHelper;
		};
/* End PBXContainerItemProxy section */

/* Begin PBXFileReference section */
		096788DE28BDB5E90083CA14 /* Pods-ARPittITHelperUITests.debug.xcconfig */ = {isa = PBXFileReference; includeInIndex = 1; lastKnownFileType = text.xcconfig; name = "Pods-ARPittITHelperUITests.debug.xcconfig"; path = "Target Support Files/Pods-ARPittITHelperUITests/Pods-ARPittITHelperUITests.debug.xcconfig"; sourceTree = "<group>"; };
		1B33D588C92C196806D53D21 /* Pods_ARPittITHelperUITests.framework */ = {isa = PBXFileReference; explicitFileType = wrapper.framework; includeInIndex = 0; path = Pods_ARPittITHelperUITests.framework; sourceTree = BUILT_PRODUCTS_DIR; };
		26093B80AF7218BCA4351534 /* Pods-ARPittITHelperUITests.release.xcconfig */ = {isa = PBXFileReference; includeInIndex = 1; lastKnownFileType = text.xcconfig; name = "Pods-ARPittITHelperUITests.release.xcconfig"; path = "Target Support Files/Pods-ARPittITHelperUITests/Pods-ARPittITHelperUITests.release.xcconfig"; sourceTree = "<group>"; };
		698360ECFF3C9A74B939A548 /* Pods_ARPittITHelperTests.framework */ = {isa = PBXFileReference; explicitFileType = wrapper.framework; includeInIndex = 0; path = Pods_ARPittITHelperTests.framework; sourceTree = BUILT_PRODUCTS_DIR; };
		72D6D4D71EB9BF680B113C92 /* Pods-ARPittITHelper.debug.xcconfig */ = {isa = PBXFileReference; includeInIndex = 1; lastKnownFileType = text.xcconfig; name = "Pods-ARPittITHelper.debug.xcconfig"; path = "Target Support Files/Pods-ARPittITHelper/Pods-ARPittITHelper.debug.xcconfig"; sourceTree = "<group>"; };
		8F5B3826228797EE00A8F4AC /* ARPittITHelperPrefix.pch */ = {isa = PBXFileReference; lastKnownFileType = sourcecode.c.h; path = ARPittITHelperPrefix.pch; sourceTree = "<group>"; };
		8F823F4D227C052B00800179 /* ARPittITHelper.app */ = {isa = PBXFileReference; explicitFileType = wrapper.application; includeInIndex = 0; path = ARPittITHelper.app; sourceTree = BUILT_PRODUCTS_DIR; };
		8F823F50227C052B00800179 /* AppDelegate.swift */ = {isa = PBXFileReference; lastKnownFileType = sourcecode.swift; path = AppDelegate.swift; sourceTree = "<group>"; };
		8F823F52227C052B00800179 /* ViewController.swift */ = {isa = PBXFileReference; lastKnownFileType = sourcecode.swift; path = ViewController.swift; sourceTree = "<group>"; };
		8F823F55227C052B00800179 /* Base */ = {isa = PBXFileReference; lastKnownFileType = file.storyboard; name = Base; path = Base.lproj/Main.storyboard; sourceTree = "<group>"; };
		8F823F57227C052D00800179 /* Assets.xcassets */ = {isa = PBXFileReference; lastKnownFileType = folder.assetcatalog; path = Assets.xcassets; sourceTree = "<group>"; };
		8F823F5A227C052D00800179 /* Base */ = {isa = PBXFileReference; lastKnownFileType = file.storyboard; name = Base; path = Base.lproj/LaunchScreen.storyboard; sourceTree = "<group>"; };
		8F823F5C227C052D00800179 /* Info.plist */ = {isa = PBXFileReference; lastKnownFileType = text.plist.xml; path = Info.plist; sourceTree = "<group>"; };
		8F823F61227C052D00800179 /* ARPittITHelperTests.xctest */ = {isa = PBXFileReference; explicitFileType = wrapper.cfbundle; includeInIndex = 0; path = ARPittITHelperTests.xctest; sourceTree = BUILT_PRODUCTS_DIR; };
		8F823F65227C052D00800179 /* ARPittITHelperTests.swift */ = {isa = PBXFileReference; lastKnownFileType = sourcecode.swift; path = ARPittITHelperTests.swift; sourceTree = "<group>"; };
		8F823F67227C052D00800179 /* Info.plist */ = {isa = PBXFileReference; lastKnownFileType = text.plist.xml; path = Info.plist; sourceTree = "<group>"; };
		8F823F6C227C052D00800179 /* ARPittITHelperUITests.xctest */ = {isa = PBXFileReference; explicitFileType = wrapper.cfbundle; includeInIndex = 0; path = ARPittITHelperUITests.xctest; sourceTree = BUILT_PRODUCTS_DIR; };
		8F823F70227C052D00800179 /* ARPittITHelperUITests.swift */ = {isa = PBXFileReference; lastKnownFileType = sourcecode.swift; path = ARPittITHelperUITests.swift; sourceTree = "<group>"; };
		8F823F72227C052D00800179 /* Info.plist */ = {isa = PBXFileReference; lastKnownFileType = text.plist.xml; path = Info.plist; sourceTree = "<group>"; };
		8FF98D7C228776EC0064D8B6 /* OpenCVWrapper.h */ = {isa = PBXFileReference; lastKnownFileType = sourcecode.c.h; path = OpenCVWrapper.h; sourceTree = "<group>"; };
		8FF98D7D2287771B0064D8B6 /* ARPittITHelper-Bridging-Header.h */ = {isa = PBXFileReference; explicitFileType = sourcecode.cpp.h; path = "ARPittITHelper-Bridging-Header.h"; sourceTree = "<group>"; };
		8FF98D7E2287771C0064D8B6 /* OpenCVWrapper.mm */ = {isa = PBXFileReference; lastKnownFileType = sourcecode.cpp.objcpp; path = OpenCVWrapper.mm; sourceTree = "<group>"; };
		CB030056382285251CDF4E3B /* Pods-ARPittITHelper.release.xcconfig */ = {isa = PBXFileReference; includeInIndex = 1; lastKnownFileType = text.xcconfig; name = "Pods-ARPittITHelper.release.xcconfig"; path = "Target Support Files/Pods-ARPittITHelper/Pods-ARPittITHelper.release.xcconfig"; sourceTree = "<group>"; };
		D24E0CC86E521D9E62FF4860 /* Pods-ARPittITHelperTests.release.xcconfig */ = {isa = PBXFileReference; includeInIndex = 1; lastKnownFileType = text.xcconfig; name = "Pods-ARPittITHelperTests.release.xcconfig"; path = "Target Support Files/Pods-ARPittITHelperTests/Pods-ARPittITHelperTests.release.xcconfig"; sourceTree = "<group>"; };
		DB0AFA3298B5974611E3906E /* Pods_ARPittITHelper.framework */ = {isa = PBXFileReference; explicitFileType = wrapper.framework; includeInIndex = 0; path = Pods_ARPittITHelper.framework; sourceTree = BUILT_PRODUCTS_DIR; };
		FB09B490CE5E47530ED85890 /* Pods-ARPittITHelperTests.debug.xcconfig */ = {isa = PBXFileReference; includeInIndex = 1; lastKnownFileType = text.xcconfig; name = "Pods-ARPittITHelperTests.debug.xcconfig"; path = "Target Support Files/Pods-ARPittITHelperTests/Pods-ARPittITHelperTests.debug.xcconfig"; sourceTree = "<group>"; };
/* End PBXFileReference section */

/* Begin PBXFrameworksBuildPhase section */
		8F823F4A227C052B00800179 /* Frameworks */ = {
			isa = PBXFrameworksBuildPhase;
			buildActionMask = 2147483647;
			files = (
				967B0038BF59A3DDE2828585 /* Pods_ARPittITHelper.framework in Frameworks */,
			);
			runOnlyForDeploymentPostprocessing = 0;
		};
		8F823F5E227C052D00800179 /* Frameworks */ = {
			isa = PBXFrameworksBuildPhase;
			buildActionMask = 2147483647;
			files = (
				44D06C1C658000D034B5DDFD /* Pods_ARPittITHelperTests.framework in Frameworks */,
			);
			runOnlyForDeploymentPostprocessing = 0;
		};
		8F823F69227C052D00800179 /* Frameworks */ = {
			isa = PBXFrameworksBuildPhase;
			buildActionMask = 2147483647;
			files = (
				4234E86BEE20C4E5B93DB4D8 /* Pods_ARPittITHelperUITests.framework in Frameworks */,
			);
			runOnlyForDeploymentPostprocessing = 0;
		};
/* End PBXFrameworksBuildPhase section */

/* Begin PBXGroup section */
		7933FC3B850A3B20E6FDCA8C /* Pods */ = {
			isa = PBXGroup;
			children = (
				72D6D4D71EB9BF680B113C92 /* Pods-ARPittITHelper.debug.xcconfig */,
				CB030056382285251CDF4E3B /* Pods-ARPittITHelper.release.xcconfig */,
				FB09B490CE5E47530ED85890 /* Pods-ARPittITHelperTests.debug.xcconfig */,
				D24E0CC86E521D9E62FF4860 /* Pods-ARPittITHelperTests.release.xcconfig */,
				096788DE28BDB5E90083CA14 /* Pods-ARPittITHelperUITests.debug.xcconfig */,
				26093B80AF7218BCA4351534 /* Pods-ARPittITHelperUITests.release.xcconfig */,
			);
			path = Pods;
			sourceTree = "<group>";
		};
		8F1B98FC22877632009E8A61 /* Wrappers */ = {
			isa = PBXGroup;
			children = (
				8FF98D7C228776EC0064D8B6 /* OpenCVWrapper.h */,
				8FF98D7E2287771C0064D8B6 /* OpenCVWrapper.mm */,
				8FF98D7D2287771B0064D8B6 /* ARPittITHelper-Bridging-Header.h */,
				8F5B3826228797EE00A8F4AC /* ARPittITHelperPrefix.pch */,
			);
			path = Wrappers;
			sourceTree = "<group>";
		};
		8F823F44227C052B00800179 = {
			isa = PBXGroup;
			children = (
				8F823F4F227C052B00800179 /* ARPittITHelper */,
				8F823F64227C052D00800179 /* ARPittITHelperTests */,
				8F823F6F227C052D00800179 /* ARPittITHelperUITests */,
				8F823F4E227C052B00800179 /* Products */,
				7933FC3B850A3B20E6FDCA8C /* Pods */,
				FB30BA465405E656A37B88F9 /* Frameworks */,
			);
			sourceTree = "<group>";
		};
		8F823F4E227C052B00800179 /* Products */ = {
			isa = PBXGroup;
			children = (
				8F823F4D227C052B00800179 /* ARPittITHelper.app */,
				8F823F61227C052D00800179 /* ARPittITHelperTests.xctest */,
				8F823F6C227C052D00800179 /* ARPittITHelperUITests.xctest */,
			);
			name = Products;
			sourceTree = "<group>";
		};
		8F823F4F227C052B00800179 /* ARPittITHelper */ = {
			isa = PBXGroup;
			children = (
				8F1B98FC22877632009E8A61 /* Wrappers */,
				8F823F50227C052B00800179 /* AppDelegate.swift */,
				8F823F52227C052B00800179 /* ViewController.swift */,
				8F823F54227C052B00800179 /* Main.storyboard */,
				8F823F57227C052D00800179 /* Assets.xcassets */,
				8F823F59227C052D00800179 /* LaunchScreen.storyboard */,
				8F823F5C227C052D00800179 /* Info.plist */,
			);
			path = ARPittITHelper;
			sourceTree = "<group>";
		};
		8F823F64227C052D00800179 /* ARPittITHelperTests */ = {
			isa = PBXGroup;
			children = (
				8F823F65227C052D00800179 /* ARPittITHelperTests.swift */,
				8F823F67227C052D00800179 /* Info.plist */,
			);
			path = ARPittITHelperTests;
			sourceTree = "<group>";
		};
		8F823F6F227C052D00800179 /* ARPittITHelperUITests */ = {
			isa = PBXGroup;
			children = (
				8F823F70227C052D00800179 /* ARPittITHelperUITests.swift */,
				8F823F72227C052D00800179 /* Info.plist */,
			);
			path = ARPittITHelperUITests;
			sourceTree = "<group>";
		};
		FB30BA465405E656A37B88F9 /* Frameworks */ = {
			isa = PBXGroup;
			children = (
				DB0AFA3298B5974611E3906E /* Pods_ARPittITHelper.framework */,
				698360ECFF3C9A74B939A548 /* Pods_ARPittITHelperTests.framework */,
				1B33D588C92C196806D53D21 /* Pods_ARPittITHelperUITests.framework */,
			);
			name = Frameworks;
			sourceTree = "<group>";
		};
/* End PBXGroup section */

/* Begin PBXNativeTarget section */
		8F823F4C227C052B00800179 /* ARPittITHelper */ = {
			isa = PBXNativeTarget;
			buildConfigurationList = 8F823F75227C052D00800179 /* Build configuration list for PBXNativeTarget "ARPittITHelper" */;
			buildPhases = (
				5A4E6308E49F11F3772D2E06 /* [CP] Check Pods Manifest.lock */,
				8F823F49227C052B00800179 /* Sources */,
				8F823F4A227C052B00800179 /* Frameworks */,
				8F823F4B227C052B00800179 /* Resources */,
			);
			buildRules = (
			);
			dependencies = (
			);
			name = ARPittITHelper;
			productName = ARPittITHelper;
			productReference = 8F823F4D227C052B00800179 /* ARPittITHelper.app */;
			productType = "com.apple.product-type.application";
		};
		8F823F60227C052D00800179 /* ARPittITHelperTests */ = {
			isa = PBXNativeTarget;
			buildConfigurationList = 8F823F78227C052D00800179 /* Build configuration list for PBXNativeTarget "ARPittITHelperTests" */;
			buildPhases = (
				8F7B374430BE54AEB9732C6F /* [CP] Check Pods Manifest.lock */,
				8F823F5D227C052D00800179 /* Sources */,
				8F823F5E227C052D00800179 /* Frameworks */,
				8F823F5F227C052D00800179 /* Resources */,
			);
			buildRules = (
			);
			dependencies = (
				8F823F63227C052D00800179 /* PBXTargetDependency */,
			);
			name = ARPittITHelperTests;
			productName = ARPittITHelperTests;
			productReference = 8F823F61227C052D00800179 /* ARPittITHelperTests.xctest */;
			productType = "com.apple.product-type.bundle.unit-test";
		};
		8F823F6B227C052D00800179 /* ARPittITHelperUITests */ = {
			isa = PBXNativeTarget;
			buildConfigurationList = 8F823F7B227C052D00800179 /* Build configuration list for PBXNativeTarget "ARPittITHelperUITests" */;
			buildPhases = (
				C8C5262A86D4FEBC71A4BBD5 /* [CP] Check Pods Manifest.lock */,
				8F823F68227C052D00800179 /* Sources */,
				8F823F69227C052D00800179 /* Frameworks */,
				8F823F6A227C052D00800179 /* Resources */,
			);
			buildRules = (
			);
			dependencies = (
				8F823F6E227C052D00800179 /* PBXTargetDependency */,
			);
			name = ARPittITHelperUITests;
			productName = ARPittITHelperUITests;
			productReference = 8F823F6C227C052D00800179 /* ARPittITHelperUITests.xctest */;
			productType = "com.apple.product-type.bundle.ui-testing";
		};
/* End PBXNativeTarget section */

/* Begin PBXProject section */
		8F823F45227C052B00800179 /* Project object */ = {
			isa = PBXProject;
			attributes = {
				LastSwiftUpdateCheck = 1020;
				LastUpgradeCheck = 1020;
				ORGANIZATIONNAME = "Xinke Chen";
				TargetAttributes = {
					8F823F4C227C052B00800179 = {
						CreatedOnToolsVersion = 10.2.1;
						LastSwiftMigration = 1020;
					};
					8F823F60227C052D00800179 = {
						CreatedOnToolsVersion = 10.2.1;
						TestTargetID = 8F823F4C227C052B00800179;
					};
					8F823F6B227C052D00800179 = {
						CreatedOnToolsVersion = 10.2.1;
						TestTargetID = 8F823F4C227C052B00800179;
					};
				};
			};
			buildConfigurationList = 8F823F48227C052B00800179 /* Build configuration list for PBXProject "ARPittITHelper" */;
			compatibilityVersion = "Xcode 9.3";
			developmentRegion = en;
			hasScannedForEncodings = 0;
			knownRegions = (
				en,
				Base,
			);
			mainGroup = 8F823F44227C052B00800179;
			productRefGroup = 8F823F4E227C052B00800179 /* Products */;
			projectDirPath = "";
			projectRoot = "";
			targets = (
				8F823F4C227C052B00800179 /* ARPittITHelper */,
				8F823F60227C052D00800179 /* ARPittITHelperTests */,
				8F823F6B227C052D00800179 /* ARPittITHelperUITests */,
			);
		};
/* End PBXProject section */

/* Begin PBXResourcesBuildPhase section */
		8F823F4B227C052B00800179 /* Resources */ = {
			isa = PBXResourcesBuildPhase;
			buildActionMask = 2147483647;
			files = (
				8F823F5B227C052D00800179 /* LaunchScreen.storyboard in Resources */,
				8F823F58227C052D00800179 /* Assets.xcassets in Resources */,
				8F823F56227C052B00800179 /* Main.storyboard in Resources */,
			);
			runOnlyForDeploymentPostprocessing = 0;
		};
		8F823F5F227C052D00800179 /* Resources */ = {
			isa = PBXResourcesBuildPhase;
			buildActionMask = 2147483647;
			files = (
			);
			runOnlyForDeploymentPostprocessing = 0;
		};
		8F823F6A227C052D00800179 /* Resources */ = {
			isa = PBXResourcesBuildPhase;
			buildActionMask = 2147483647;
			files = (
			);
			runOnlyForDeploymentPostprocessing = 0;
		};
/* End PBXResourcesBuildPhase section */

/* Begin PBXShellScriptBuildPhase section */
		5A4E6308E49F11F3772D2E06 /* [CP] Check Pods Manifest.lock */ = {
			isa = PBXShellScriptBuildPhase;
			buildActionMask = 2147483647;
			files = (
			);
			inputFileListPaths = (
			);
			inputPaths = (
				"${PODS_PODFILE_DIR_PATH}/Podfile.lock",
				"${PODS_ROOT}/Manifest.lock",
			);
			name = "[CP] Check Pods Manifest.lock";
			outputFileListPaths = (
			);
			outputPaths = (
				"$(DERIVED_FILE_DIR)/Pods-ARPittITHelper-checkManifestLockResult.txt",
			);
			runOnlyForDeploymentPostprocessing = 0;
			shellPath = /bin/sh;
			shellScript = "diff \"${PODS_PODFILE_DIR_PATH}/Podfile.lock\" \"${PODS_ROOT}/Manifest.lock\" > /dev/null\nif [ $? != 0 ] ; then\n    # print error to STDERR\n    echo \"error: The sandbox is not in sync with the Podfile.lock. Run 'pod install' or update your CocoaPods installation.\" >&2\n    exit 1\nfi\n# This output is used by Xcode 'outputs' to avoid re-running this script phase.\necho \"SUCCESS\" > \"${SCRIPT_OUTPUT_FILE_0}\"\n";
			showEnvVarsInLog = 0;
		};
		8F7B374430BE54AEB9732C6F /* [CP] Check Pods Manifest.lock */ = {
			isa = PBXShellScriptBuildPhase;
			buildActionMask = 2147483647;
			files = (
			);
			inputFileListPaths = (
			);
			inputPaths = (
				"${PODS_PODFILE_DIR_PATH}/Podfile.lock",
				"${PODS_ROOT}/Manifest.lock",
			);
			name = "[CP] Check Pods Manifest.lock";
			outputFileListPaths = (
			);
			outputPaths = (
				"$(DERIVED_FILE_DIR)/Pods-ARPittITHelperTests-checkManifestLockResult.txt",
			);
			runOnlyForDeploymentPostprocessing = 0;
			shellPath = /bin/sh;
			shellScript = "diff \"${PODS_PODFILE_DIR_PATH}/Podfile.lock\" \"${PODS_ROOT}/Manifest.lock\" > /dev/null\nif [ $? != 0 ] ; then\n    # print error to STDERR\n    echo \"error: The sandbox is not in sync with the Podfile.lock. Run 'pod install' or update your CocoaPods installation.\" >&2\n    exit 1\nfi\n# This output is used by Xcode 'outputs' to avoid re-running this script phase.\necho \"SUCCESS\" > \"${SCRIPT_OUTPUT_FILE_0}\"\n";
			showEnvVarsInLog = 0;
		};
		C8C5262A86D4FEBC71A4BBD5 /* [CP] Check Pods Manifest.lock */ = {
			isa = PBXShellScriptBuildPhase;
			buildActionMask = 2147483647;
			files = (
			);
			inputFileListPaths = (
			);
			inputPaths = (
				"${PODS_PODFILE_DIR_PATH}/Podfile.lock",
				"${PODS_ROOT}/Manifest.lock",
			);
			name = "[CP] Check Pods Manifest.lock";
			outputFileListPaths = (
			);
			outputPaths = (
				"$(DERIVED_FILE_DIR)/Pods-ARPittITHelperUITests-checkManifestLockResult.txt",
			);
			runOnlyForDeploymentPostprocessing = 0;
			shellPath = /bin/sh;
			shellScript = "diff \"${PODS_PODFILE_DIR_PATH}/Podfile.lock\" \"${PODS_ROOT}/Manifest.lock\" > /dev/null\nif [ $? != 0 ] ; then\n    # print error to STDERR\n    echo \"error: The sandbox is not in sync with the Podfile.lock. Run 'pod install' or update your CocoaPods installation.\" >&2\n    exit 1\nfi\n# This output is used by Xcode 'outputs' to avoid re-running this script phase.\necho \"SUCCESS\" > \"${SCRIPT_OUTPUT_FILE_0}\"\n";
			showEnvVarsInLog = 0;
		};
/* End PBXShellScriptBuildPhase section */

/* Begin PBXSourcesBuildPhase section */
		8F823F49227C052B00800179 /* Sources */ = {
			isa = PBXSourcesBuildPhase;
			buildActionMask = 2147483647;
			files = (
				8F823F53227C052B00800179 /* ViewController.swift in Sources */,
				8F823F51227C052B00800179 /* AppDelegate.swift in Sources */,
				8FF98D7F2287771C0064D8B6 /* OpenCVWrapper.mm in Sources */,
			);
			runOnlyForDeploymentPostprocessing = 0;
		};
		8F823F5D227C052D00800179 /* Sources */ = {
			isa = PBXSourcesBuildPhase;
			buildActionMask = 2147483647;
			files = (
				8F823F66227C052D00800179 /* ARPittITHelperTests.swift in Sources */,
			);
			runOnlyForDeploymentPostprocessing = 0;
		};
		8F823F68227C052D00800179 /* Sources */ = {
			isa = PBXSourcesBuildPhase;
			buildActionMask = 2147483647;
			files = (
				8F823F71227C052D00800179 /* ARPittITHelperUITests.swift in Sources */,
			);
			runOnlyForDeploymentPostprocessing = 0;
		};
/* End PBXSourcesBuildPhase section */

/* Begin PBXTargetDependency section */
		8F823F63227C052D00800179 /* PBXTargetDependency */ = {
			isa = PBXTargetDependency;
			target = 8F823F4C227C052B00800179 /* ARPittITHelper */;
			targetProxy = 8F823F62227C052D00800179 /* PBXContainerItemProxy */;
		};
		8F823F6E227C052D00800179 /* PBXTargetDependency */ = {
			isa = PBXTargetDependency;
			target = 8F823F4C227C052B00800179 /* ARPittITHelper */;
			targetProxy = 8F823F6D227C052D00800179 /* PBXContainerItemProxy */;
		};
/* End PBXTargetDependency section */

/* Begin PBXVariantGroup section */
		8F823F54227C052B00800179 /* Main.storyboard */ = {
			isa = PBXVariantGroup;
			children = (
				8F823F55227C052B00800179 /* Base */,
			);
			name = Main.storyboard;
			sourceTree = "<group>";
		};
		8F823F59227C052D00800179 /* LaunchScreen.storyboard */ = {
			isa = PBXVariantGroup;
			children = (
				8F823F5A227C052D00800179 /* Base */,
			);
			name = LaunchScreen.storyboard;
			sourceTree = "<group>";
		};
/* End PBXVariantGroup section */

/* Begin XCBuildConfiguration section */
		8F823F73227C052D00800179 /* Debug */ = {
			isa = XCBuildConfiguration;
			buildSettings = {
				ALWAYS_SEARCH_USER_PATHS = NO;
				CLANG_ANALYZER_NONNULL = YES;
				CLANG_ANALYZER_NUMBER_OBJECT_CONVERSION = YES_AGGRESSIVE;
				CLANG_CXX_LANGUAGE_STANDARD = "gnu++14";
				CLANG_CXX_LIBRARY = "libc++";
				CLANG_ENABLE_MODULES = YES;
				CLANG_ENABLE_OBJC_ARC = YES;
				CLANG_ENABLE_OBJC_WEAK = YES;
				CLANG_WARN_BLOCK_CAPTURE_AUTORELEASING = YES;
				CLANG_WARN_BOOL_CONVERSION = YES;
				CLANG_WARN_COMMA = YES;
				CLANG_WARN_CONSTANT_CONVERSION = YES;
				CLANG_WARN_DEPRECATED_OBJC_IMPLEMENTATIONS = YES;
				CLANG_WARN_DIRECT_OBJC_ISA_USAGE = YES_ERROR;
				CLANG_WARN_DOCUMENTATION_COMMENTS = YES;
				CLANG_WARN_EMPTY_BODY = YES;
				CLANG_WARN_ENUM_CONVERSION = YES;
				CLANG_WARN_INFINITE_RECURSION = YES;
				CLANG_WARN_INT_CONVERSION = YES;
				CLANG_WARN_NON_LITERAL_NULL_CONVERSION = YES;
				CLANG_WARN_OBJC_IMPLICIT_RETAIN_SELF = YES;
				CLANG_WARN_OBJC_LITERAL_CONVERSION = YES;
				CLANG_WARN_OBJC_ROOT_CLASS = YES_ERROR;
				CLANG_WARN_RANGE_LOOP_ANALYSIS = YES;
				CLANG_WARN_STRICT_PROTOTYPES = YES;
				CLANG_WARN_SUSPICIOUS_MOVE = YES;
				CLANG_WARN_UNGUARDED_AVAILABILITY = YES_AGGRESSIVE;
				CLANG_WARN_UNREACHABLE_CODE = YES;
				CLANG_WARN__DUPLICATE_METHOD_MATCH = YES;
				CODE_SIGN_IDENTITY = "iPhone Developer";
				COPY_PHASE_STRIP = NO;
				DEBUG_INFORMATION_FORMAT = dwarf;
				ENABLE_STRICT_OBJC_MSGSEND = YES;
				ENABLE_TESTABILITY = YES;
				GCC_C_LANGUAGE_STANDARD = gnu11;
				GCC_DYNAMIC_NO_PIC = NO;
				GCC_NO_COMMON_BLOCKS = YES;
				GCC_OPTIMIZATION_LEVEL = 0;
				GCC_PREPROCESSOR_DEFINITIONS = (
					"DEBUG=1",
					"$(inherited)",
				);
				GCC_WARN_64_TO_32_BIT_CONVERSION = YES;
				GCC_WARN_ABOUT_RETURN_TYPE = YES_ERROR;
				GCC_WARN_UNDECLARED_SELECTOR = YES;
				GCC_WARN_UNINITIALIZED_AUTOS = YES_AGGRESSIVE;
				GCC_WARN_UNUSED_FUNCTION = YES;
				GCC_WARN_UNUSED_VARIABLE = YES;
				IPHONEOS_DEPLOYMENT_TARGET = 12.2;
				MTL_ENABLE_DEBUG_INFO = INCLUDE_SOURCE;
				MTL_FAST_MATH = YES;
				ONLY_ACTIVE_ARCH = YES;
				SDKROOT = iphoneos;
				SWIFT_ACTIVE_COMPILATION_CONDITIONS = DEBUG;
				SWIFT_OPTIMIZATION_LEVEL = "-Onone";
			};
			name = Debug;
		};
		8F823F74227C052D00800179 /* Release */ = {
			isa = XCBuildConfiguration;
			buildSettings = {
				ALWAYS_SEARCH_USER_PATHS = NO;
				CLANG_ANALYZER_NONNULL = YES;
				CLANG_ANALYZER_NUMBER_OBJECT_CONVERSION = YES_AGGRESSIVE;
				CLANG_CXX_LANGUAGE_STANDARD = "gnu++14";
				CLANG_CXX_LIBRARY = "libc++";
				CLANG_ENABLE_MODULES = YES;
				CLANG_ENABLE_OBJC_ARC = YES;
				CLANG_ENABLE_OBJC_WEAK = YES;
				CLANG_WARN_BLOCK_CAPTURE_AUTORELEASING = YES;
				CLANG_WARN_BOOL_CONVERSION = YES;
				CLANG_WARN_COMMA = YES;
				CLANG_WARN_CONSTANT_CONVERSION = YES;
				CLANG_WARN_DEPRECATED_OBJC_IMPLEMENTATIONS = YES;
				CLANG_WARN_DIRECT_OBJC_ISA_USAGE = YES_ERROR;
				CLANG_WARN_DOCUMENTATION_COMMENTS = YES;
				CLANG_WARN_EMPTY_BODY = YES;
				CLANG_WARN_ENUM_CONVERSION = YES;
				CLANG_WARN_INFINITE_RECURSION = YES;
				CLANG_WARN_INT_CONVERSION = YES;
				CLANG_WARN_NON_LITERAL_NULL_CONVERSION = YES;
				CLANG_WARN_OBJC_IMPLICIT_RETAIN_SELF = YES;
				CLANG_WARN_OBJC_LITERAL_CONVERSION = YES;
				CLANG_WARN_OBJC_ROOT_CLASS = YES_ERROR;
				CLANG_WARN_RANGE_LOOP_ANALYSIS = YES;
				CLANG_WARN_STRICT_PROTOTYPES = YES;
				CLANG_WARN_SUSPICIOUS_MOVE = YES;
				CLANG_WARN_UNGUARDED_AVAILABILITY = YES_AGGRESSIVE;
				CLANG_WARN_UNREACHABLE_CODE = YES;
				CLANG_WARN__DUPLICATE_METHOD_MATCH = YES;
				CODE_SIGN_IDENTITY = "iPhone Developer";
				COPY_PHASE_STRIP = NO;
				DEBUG_INFORMATION_FORMAT = "dwarf-with-dsym";
				ENABLE_NS_ASSERTIONS = NO;
				ENABLE_STRICT_OBJC_MSGSEND = YES;
				GCC_C_LANGUAGE_STANDARD = gnu11;
				GCC_NO_COMMON_BLOCKS = YES;
				GCC_WARN_64_TO_32_BIT_CONVERSION = YES;
				GCC_WARN_ABOUT_RETURN_TYPE = YES_ERROR;
				GCC_WARN_UNDECLARED_SELECTOR = YES;
				GCC_WARN_UNINITIALIZED_AUTOS = YES_AGGRESSIVE;
				GCC_WARN_UNUSED_FUNCTION = YES;
				GCC_WARN_UNUSED_VARIABLE = YES;
				IPHONEOS_DEPLOYMENT_TARGET = 12.2;
				MTL_ENABLE_DEBUG_INFO = NO;
				MTL_FAST_MATH = YES;
				SDKROOT = iphoneos;
				SWIFT_COMPILATION_MODE = wholemodule;
				SWIFT_OPTIMIZATION_LEVEL = "-O";
				VALIDATE_PRODUCT = YES;
			};
			name = Release;
		};
		8F823F76227C052D00800179 /* Debug */ = {
			isa = XCBuildConfiguration;
			baseConfigurationReference = 72D6D4D71EB9BF680B113C92 /* Pods-ARPittITHelper.debug.xcconfig */;
			buildSettings = {
				ASSETCATALOG_COMPILER_APPICON_NAME = AppIcon;
				CLANG_CXX_LANGUAGE_STANDARD = "gnu++0x";
				CLANG_ENABLE_MODULES = YES;
				CLANG_WARN_DOCUMENTATION_COMMENTS = NO;
				CODE_SIGN_STYLE = Automatic;
				DEVELOPMENT_TEAM = D72NW9AP4N;
				GCC_INCREASE_PRECOMPILED_HEADER_SHARING = YES;
				GCC_PRECOMPILE_PREFIX_HEADER = YES;
				GCC_PREFIX_HEADER = "$(PROJECT_DIR)/ARPittITHelper/Wrappers/ARPittITHelperPrefix.pch";
				INFOPLIST_FILE = ARPittITHelper/Info.plist;
				IPHONEOS_DEPLOYMENT_TARGET = 12.2;
				LD_RUNPATH_SEARCH_PATHS = (
					"$(inherited)",
					"@executable_path/Frameworks",
				);
				PRODUCT_BUNDLE_IDENTIFIER = "Xinke-Chen.ARPittITHelper";
				PRODUCT_NAME = "$(TARGET_NAME)";
				SWIFT_OBJC_BRIDGING_HEADER = "ARPittITHelper/Wrappers/ARPittITHelper-Bridging-Header.h";
				SWIFT_OPTIMIZATION_LEVEL = "-Onone";
				SWIFT_VERSION = 5.0;
				TARGETED_DEVICE_FAMILY = "1,2";
			};
			name = Debug;
		};
		8F823F77227C052D00800179 /* Release */ = {
			isa = XCBuildConfiguration;
			baseConfigurationReference = CB030056382285251CDF4E3B /* Pods-ARPittITHelper.release.xcconfig */;
			buildSettings = {
				ASSETCATALOG_COMPILER_APPICON_NAME = AppIcon;
				CLANG_CXX_LANGUAGE_STANDARD = "gnu++0x";
				CLANG_ENABLE_MODULES = YES;
				CLANG_WARN_DOCUMENTATION_COMMENTS = NO;
				CODE_SIGN_STYLE = Automatic;
				DEVELOPMENT_TEAM = D72NW9AP4N;
				GCC_INCREASE_PRECOMPILED_HEADER_SHARING = YES;
				GCC_PRECOMPILE_PREFIX_HEADER = YES;
				GCC_PREFIX_HEADER = "$(PROJECT_DIR)/ARPittITHelper/Wrappers/ARPittITHelperPrefix.pch";
				INFOPLIST_FILE = ARPittITHelper/Info.plist;
				IPHONEOS_DEPLOYMENT_TARGET = 12.2;
				LD_RUNPATH_SEARCH_PATHS = (
					"$(inherited)",
					"@executable_path/Frameworks",
				);
				PRODUCT_BUNDLE_IDENTIFIER = "Xinke-Chen.ARPittITHelper";
				PRODUCT_NAME = "$(TARGET_NAME)";
				SWIFT_OBJC_BRIDGING_HEADER = "ARPittITHelper/Wrappers/ARPittITHelper-Bridging-Header.h";
				SWIFT_VERSION = 5.0;
				TARGETED_DEVICE_FAMILY = "1,2";
			};
			name = Release;
		};
		8F823F79227C052D00800179 /* Debug */ = {
			isa = XCBuildConfiguration;
			baseConfigurationReference = FB09B490CE5E47530ED85890 /* Pods-ARPittITHelperTests.debug.xcconfig */;
			buildSettings = {
				ALWAYS_EMBED_SWIFT_STANDARD_LIBRARIES = YES;
				BUNDLE_LOADER = "$(TEST_HOST)";
				CODE_SIGN_STYLE = Automatic;
				DEVELOPMENT_TEAM = D72NW9AP4N;
				INFOPLIST_FILE = ARPittITHelperTests/Info.plist;
				LD_RUNPATH_SEARCH_PATHS = (
					"$(inherited)",
					"@executable_path/Frameworks",
					"@loader_path/Frameworks",
				);
				PRODUCT_BUNDLE_IDENTIFIER = "Xinke-Chen.ARPittITHelperTests";
				PRODUCT_NAME = "$(TARGET_NAME)";
				SWIFT_VERSION = 5.0;
				TARGETED_DEVICE_FAMILY = "1,2";
				TEST_HOST = "$(BUILT_PRODUCTS_DIR)/ARPittITHelper.app/ARPittITHelper";
			};
			name = Debug;
		};
		8F823F7A227C052D00800179 /* Release */ = {
			isa = XCBuildConfiguration;
			baseConfigurationReference = D24E0CC86E521D9E62FF4860 /* Pods-ARPittITHelperTests.release.xcconfig */;
			buildSettings = {
				ALWAYS_EMBED_SWIFT_STANDARD_LIBRARIES = YES;
				BUNDLE_LOADER = "$(TEST_HOST)";
				CODE_SIGN_STYLE = Automatic;
				DEVELOPMENT_TEAM = D72NW9AP4N;
				INFOPLIST_FILE = ARPittITHelperTests/Info.plist;
				LD_RUNPATH_SEARCH_PATHS = (
					"$(inherited)",
					"@executable_path/Frameworks",
					"@loader_path/Frameworks",
				);
				PRODUCT_BUNDLE_IDENTIFIER = "Xinke-Chen.ARPittITHelperTests";
				PRODUCT_NAME = "$(TARGET_NAME)";
				SWIFT_VERSION = 5.0;
				TARGETED_DEVICE_FAMILY = "1,2";
				TEST_HOST = "$(BUILT_PRODUCTS_DIR)/ARPittITHelper.app/ARPittITHelper";
			};
			name = Release;
		};
		8F823F7C227C052D00800179 /* Debug */ = {
			isa = XCBuildConfiguration;
			baseConfigurationReference = 096788DE28BDB5E90083CA14 /* Pods-ARPittITHelperUITests.debug.xcconfig */;
			buildSettings = {
				ALWAYS_EMBED_SWIFT_STANDARD_LIBRARIES = YES;
				CODE_SIGN_STYLE = Automatic;
				DEVELOPMENT_TEAM = D72NW9AP4N;
				INFOPLIST_FILE = ARPittITHelperUITests/Info.plist;
				LD_RUNPATH_SEARCH_PATHS = (
					"$(inherited)",
					"@executable_path/Frameworks",
					"@loader_path/Frameworks",
				);
				PRODUCT_BUNDLE_IDENTIFIER = "Xinke-Chen.ARPittITHelperUITests";
				PRODUCT_NAME = "$(TARGET_NAME)";
				SWIFT_VERSION = 5.0;
				TARGETED_DEVICE_FAMILY = "1,2";
				TEST_TARGET_NAME = ARPittITHelper;
			};
			name = Debug;
		};
		8F823F7D227C052D00800179 /* Release */ = {
			isa = XCBuildConfiguration;
			baseConfigurationReference = 26093B80AF7218BCA4351534 /* Pods-ARPittITHelperUITests.release.xcconfig */;
			buildSettings = {
				ALWAYS_EMBED_SWIFT_STANDARD_LIBRARIES = YES;
				CODE_SIGN_STYLE = Automatic;
				DEVELOPMENT_TEAM = D72NW9AP4N;
				INFOPLIST_FILE = ARPittITHelperUITests/Info.plist;
				LD_RUNPATH_SEARCH_PATHS = (
					"$(inherited)",
					"@executable_path/Frameworks",
					"@loader_path/Frameworks",
				);
				PRODUCT_BUNDLE_IDENTIFIER = "Xinke-Chen.ARPittITHelperUITests";
				PRODUCT_NAME = "$(TARGET_NAME)";
				SWIFT_VERSION = 5.0;
				TARGETED_DEVICE_FAMILY = "1,2";
				TEST_TARGET_NAME = ARPittITHelper;
			};
			name = Release;
		};
/* End XCBuildConfiguration section */

/* Begin XCConfigurationList section */
		8F823F48227C052B00800179 /* Build configuration list for PBXProject "ARPittITHelper" */ = {
			isa = XCConfigurationList;
			buildConfigurations = (
				8F823F73227C052D00800179 /* Debug */,
				8F823F74227C052D00800179 /* Release */,
			);
			defaultConfigurationIsVisible = 0;
			defaultConfigurationName = Release;
		};
		8F823F75227C052D00800179 /* Build configuration list for PBXNativeTarget "ARPittITHelper" */ = {
			isa = XCConfigurationList;
			buildConfigurations = (
				8F823F76227C052D00800179 /* Debug */,
				8F823F77227C052D00800179 /* Release */,
			);
			defaultConfigurationIsVisible = 0;
			defaultConfigurationName = Release;
		};
		8F823F78227C052D00800179 /* Build configuration list for PBXNativeTarget "ARPittITHelperTests" */ = {
			isa = XCConfigurationList;
			buildConfigurations = (
				8F823F79227C052D00800179 /* Debug */,
				8F823F7A227C052D00800179 /* Release */,
			);
			defaultConfigurationIsVisible = 0;
			defaultConfigurationName = Release;
		};
		8F823F7B227C052D00800179 /* Build configuration list for PBXNativeTarget "ARPittITHelperUITests" */ = {
			isa = XCConfigurationList;
			buildConfigurations = (
				8F823F7C227C052D00800179 /* Debug */,
				8F823F7D227C052D00800179 /* Release */,
			);
			defaultConfigurationIsVisible = 0;
			defaultConfigurationName = Release;
		};
/* End XCConfigurationList section */
	};
	rootObject = 8F823F45227C052B00800179 /* Project object */;
}
